{
  "nodes": {
    "nixpkgs": {
      "locked": {
        "lastModified": 1756636162,
        "narHash": "sha256-mBecwgUTWRgClJYqcF+y4O1bY8PQHqeDpB+zsAn+/zA=",
        "owner": "NixOS",
        "repo": "nixpkgs",
        "rev": "37ff64b7108517f8b6ba5705ee5085eac636a249",
        "type": "github"
      },
      "original": {
        "owner": "NixOS",
        "ref": "nixpkgs-unstable",
        "repo": "nixpkgs",
        "type": "github"
      }
    },
    "root": {
      "inputs": {
        "nixpkgs": "nixpkgs",
        "zmk-nix": "zmk-nix"
      }
    },
    "zmk-nix": {
      "inputs": {
        "nixpkgs": [
          "nixpkgs"
        ]
      },
      "locked": {
        "lastModified": 1756733638,
        "narHash": "sha256-hk1jACiR9cHqBXZ4svZUhpuI6UpV0jJHHIevxXn0nfU=",
        "owner": "tarneaux",
        "repo": "zmk-nix",
        "rev": "993923b5d1671723c11fbdefb2f7572b3cba1d18",
        "type": "github"
      },
      "original": {
        "owner": "tarneaux",
        "repo": "zmk-nix",
        "type": "github"
      }
    }
  },
  "root": "root",
  "version": 7
}
